// !$*UTF8*$!
{
	archiveVersion = 1;
	classes = {
	};
	objectVersion = 56;
	objects = {

/* Begin PBXBuildFile section */
		3473C3D02C42B70100B4299C /* RealmManager.swift in Sources */ = {isa = PBXBuildFile; fileRef = 3473C3CF2C42B70100B4299C /* RealmManager.swift */; };
		347CA1CD2BB2D0D700684BB9 /* NoSmokingApp.swift in Sources */ = {isa = PBXBuildFile; fileRef = 347CA1CC2BB2D0D700684BB9 /* NoSmokingApp.swift */; };
		347CA1CF2BB2D0D700684BB9 /* ContentView.swift in Sources */ = {isa = PBXBuildFile; fileRef = 347CA1CE2BB2D0D700684BB9 /* ContentView.swift */; };
		347CA1D12BB2D0D800684BB9 /* Assets.xcassets in Resources */ = {isa = PBXBuildFile; fileRef = 347CA1D02BB2D0D800684BB9 /* Assets.xcassets */; };
		347CA1D42BB2D0D800684BB9 /* Preview Assets.xcassets in Resources */ = {isa = PBXBuildFile; fileRef = 347CA1D32BB2D0D800684BB9 /* Preview Assets.xcassets */; };
		349A64782BC0064600E31501 /* NavigationView.swift in Sources */ = {isa = PBXBuildFile; fileRef = 349A64772BC0064500E31501 /* NavigationView.swift */; };
		349A647A2BC00CB300E31501 /* CustomTabView.swift in Sources */ = {isa = PBXBuildFile; fileRef = 349A64792BC00CB300E31501 /* CustomTabView.swift */; };
		349A647C2BC0173A00E31501 /* StatisticView.swift in Sources */ = {isa = PBXBuildFile; fileRef = 349A647B2BC0173A00E31501 /* StatisticView.swift */; };
		34C3E7C32BCAADD600C49683 /* AchievementGridView.swift in Sources */ = {isa = PBXBuildFile; fileRef = 34C3E7C22BCAADD600C49683 /* AchievementGridView.swift */; };
		34C3E7C62BCAB5E100C49683 /* Achievement.swift in Sources */ = {isa = PBXBuildFile; fileRef = 34C3E7C52BCAB5E100C49683 /* Achievement.swift */; };
		34C3E7C82BCABC2300C49683 /* AchievementViewModel.swift in Sources */ = {isa = PBXBuildFile; fileRef = 34C3E7C72BCABC2200C49683 /* AchievementViewModel.swift */; };
		34C3E7CA2BCABD1800C49683 /* AchievementDetailView.swift in Sources */ = {isa = PBXBuildFile; fileRef = 34C3E7C92BCABD1800C49683 /* AchievementDetailView.swift */; };
		34CD971D2C4269AB0023345A /* Realm in Frameworks */ = {isa = PBXBuildFile; productRef = 34CD971C2C4269AB0023345A /* Realm */; };
		34CD971F2C4269AB0023345A /* RealmSwift in Frameworks */ = {isa = PBXBuildFile; productRef = 34CD971E2C4269AB0023345A /* RealmSwift */; };
/* End PBXBuildFile section */

/* Begin PBXFileReference section */
		3473C3CF2C42B70100B4299C /* RealmManager.swift */ = {isa = PBXFileReference; lastKnownFileType = sourcecode.swift; path = RealmManager.swift; sourceTree = "<group>"; };
		347CA1C92BB2D0D700684BB9 /* NoSmoking.app */ = {isa = PBXFileReference; explicitFileType = wrapper.application; includeInIndex = 0; path = NoSmoking.app; sourceTree = BUILT_PRODUCTS_DIR; };
		347CA1CC2BB2D0D700684BB9 /* NoSmokingApp.swift */ = {isa = PBXFileReference; lastKnownFileType = sourcecode.swift; path = NoSmokingApp.swift; sourceTree = "<group>"; };
		347CA1CE2BB2D0D700684BB9 /* ContentView.swift */ = {isa = PBXFileReference; lastKnownFileType = sourcecode.swift; path = ContentView.swift; sourceTree = "<group>"; };
		347CA1D02BB2D0D800684BB9 /* Assets.xcassets */ = {isa = PBXFileReference; lastKnownFileType = folder.assetcatalog; path = Assets.xcassets; sourceTree = "<group>"; };
		347CA1D32BB2D0D800684BB9 /* Preview Assets.xcassets */ = {isa = PBXFileReference; lastKnownFileType = folder.assetcatalog; path = "Preview Assets.xcassets"; sourceTree = "<group>"; };
		349A64772BC0064500E31501 /* NavigationView.swift */ = {isa = PBXFileReference; lastKnownFileType = sourcecode.swift; path = NavigationView.swift; sourceTree = "<group>"; };
		349A64792BC00CB300E31501 /* CustomTabView.swift */ = {isa = PBXFileReference; lastKnownFileType = sourcecode.swift; path = CustomTabView.swift; sourceTree = "<group>"; };
		349A647B2BC0173A00E31501 /* StatisticView.swift */ = {isa = PBXFileReference; lastKnownFileType = sourcecode.swift; path = StatisticView.swift; sourceTree = "<group>"; };
		34C3E7C22BCAADD600C49683 /* AchievementGridView.swift */ = {isa = PBXFileReference; lastKnownFileType = sourcecode.swift; path = AchievementGridView.swift; sourceTree = "<group>"; };
		34C3E7C52BCAB5E100C49683 /* Achievement.swift */ = {isa = PBXFileReference; lastKnownFileType = sourcecode.swift; path = Achievement.swift; sourceTree = "<group>"; };
		34C3E7C72BCABC2200C49683 /* AchievementViewModel.swift */ = {isa = PBXFileReference; lastKnownFileType = sourcecode.swift; path = AchievementViewModel.swift; sourceTree = "<group>"; };
		34C3E7C92BCABD1800C49683 /* AchievementDetailView.swift */ = {isa = PBXFileReference; lastKnownFileType = sourcecode.swift; path = AchievementDetailView.swift; sourceTree = "<group>"; };
/* End PBXFileReference section */

/* Begin PBXFrameworksBuildPhase section */
		347CA1C62BB2D0D700684BB9 /* Frameworks */ = {
			isa = PBXFrameworksBuildPhase;
			buildActionMask = 2147483647;
			files = (
				34CD971F2C4269AB0023345A /* RealmSwift in Frameworks */,
				34CD971D2C4269AB0023345A /* Realm in Frameworks */,
			);
			runOnlyForDeploymentPostprocessing = 0;
		};
/* End PBXFrameworksBuildPhase section */

/* Begin PBXGroup section */
		3473C3CE2C42B6D700B4299C /* RealmDB */ = {
			isa = PBXGroup;
			children = (
				3473C3CF2C42B70100B4299C /* RealmManager.swift */,
			);
			path = RealmDB;
			sourceTree = "<group>";
		};
		347CA1C02BB2D0D700684BB9 = {
			isa = PBXGroup;
			children = (
				347CA1CB2BB2D0D700684BB9 /* NoSmoking */,
				347CA1CA2BB2D0D700684BB9 /* Products */,
			);
			sourceTree = "<group>";
		};
		347CA1CA2BB2D0D700684BB9 /* Products */ = {
			isa = PBXGroup;
			children = (
				347CA1C92BB2D0D700684BB9 /* NoSmoking.app */,
			);
			name = Products;
			sourceTree = "<group>";
		};
		347CA1CB2BB2D0D700684BB9 /* NoSmoking */ = {
			isa = PBXGroup;
			children = (
				347CA1CC2BB2D0D700684BB9 /* NoSmokingApp.swift */,
				347CA1CE2BB2D0D700684BB9 /* ContentView.swift */,
				347CA1D02BB2D0D800684BB9 /* Assets.xcassets */,
				347CA1D22BB2D0D800684BB9 /* Preview Content */,
				34AB169C2C41B03100AB3F85 /* TabBarModule */,
				34AB169D2C41B06000AB3F85 /* StatisticModule */,
				34C3E7C42BCAADE100C49683 /* AchievementModule */,
				3473C3CE2C42B6D700B4299C /* RealmDB */,
			);
			path = NoSmoking;
			sourceTree = "<group>";
		};
		347CA1D22BB2D0D800684BB9 /* Preview Content */ = {
			isa = PBXGroup;
			children = (
				347CA1D32BB2D0D800684BB9 /* Preview Assets.xcassets */,
			);
			path = "Preview Content";
			sourceTree = "<group>";
		};
		34AB169C2C41B03100AB3F85 /* TabBarModule */ = {
			isa = PBXGroup;
			children = (
				349A64772BC0064500E31501 /* NavigationView.swift */,
				349A64792BC00CB300E31501 /* CustomTabView.swift */,
			);
			path = TabBarModule;
			sourceTree = "<group>";
		};
		34AB169D2C41B06000AB3F85 /* StatisticModule */ = {
			isa = PBXGroup;
			children = (
				349A647B2BC0173A00E31501 /* StatisticView.swift */,
			);
			path = StatisticModule;
			sourceTree = "<group>";
		};
		34C3E7C42BCAADE100C49683 /* AchievementModule */ = {
			isa = PBXGroup;
			children = (
				34C3E7C22BCAADD600C49683 /* AchievementGridView.swift */,
				34C3E7C52BCAB5E100C49683 /* Achievement.swift */,
				34C3E7C72BCABC2200C49683 /* AchievementViewModel.swift */,
				34C3E7C92BCABD1800C49683 /* AchievementDetailView.swift */,
			);
			path = AchievementModule;
			sourceTree = "<group>";
		};
/* End PBXGroup section */

/* Begin PBXNativeTarget section */
		347CA1C82BB2D0D700684BB9 /* NoSmoking */ = {
			isa = PBXNativeTarget;
			buildConfigurationList = 347CA1D72BB2D0D800684BB9 /* Build configuration list for PBXNativeTarget "NoSmoking" */;
			buildPhases = (
				347CA1C52BB2D0D700684BB9 /* Sources */,
				347CA1C62BB2D0D700684BB9 /* Frameworks */,
				347CA1C72BB2D0D700684BB9 /* Resources */,
			);
			buildRules = (
			);
			dependencies = (
			);
			name = NoSmoking;
			packageProductDependencies = (
				34CD971C2C4269AB0023345A /* Realm */,
				34CD971E2C4269AB0023345A /* RealmSwift */,
			);
			productName = NoSmoking;
			productReference = 347CA1C92BB2D0D700684BB9 /* NoSmoking.app */;
			productType = "com.apple.product-type.application";
		};
/* End PBXNativeTarget section */

/* Begin PBXProject section */
		347CA1C12BB2D0D700684BB9 /* Project object */ = {
			isa = PBXProject;
			attributes = {
				BuildIndependentTargetsInParallel = 1;
				LastSwiftUpdateCheck = 1520;
				LastUpgradeCheck = 1520;
				TargetAttributes = {
					347CA1C82BB2D0D700684BB9 = {
						CreatedOnToolsVersion = 15.2;
					};
				};
			};
			buildConfigurationList = 347CA1C42BB2D0D700684BB9 /* Build configuration list for PBXProject "NoSmoking" */;
			compatibilityVersion = "Xcode 14.0";
			developmentRegion = en;
			hasScannedForEncodings = 0;
			knownRegions = (
				en,
				Base,
			);
			mainGroup = 347CA1C02BB2D0D700684BB9;
			packageReferences = (
				34CD971B2C4269AB0023345A /* XCRemoteSwiftPackageReference "realm-swift" */,
			);
			productRefGroup = 347CA1CA2BB2D0D700684BB9 /* Products */;
			projectDirPath = "";
			projectRoot = "";
			targets = (
				347CA1C82BB2D0D700684BB9 /* NoSmoking */,
			);
		};
/* End PBXProject section */

/* Begin PBXResourcesBuildPhase section */
		347CA1C72BB2D0D700684BB9 /* Resources */ = {
			isa = PBXResourcesBuildPhase;
			buildActionMask = 2147483647;
			files = (
				347CA1D42BB2D0D800684BB9 /* Preview Assets.xcassets in Resources */,
				347CA1D12BB2D0D800684BB9 /* Assets.xcassets in Resources */,
			);
			runOnlyForDeploymentPostprocessing = 0;
		};
/* End PBXResourcesBuildPhase section */

/* Begin PBXSourcesBuildPhase section */
		347CA1C52BB2D0D700684BB9 /* Sources */ = {
			isa = PBXSourcesBuildPhase;
			buildActionMask = 2147483647;
			files = (
				347CA1CF2BB2D0D700684BB9 /* ContentView.swift in Sources */,
				349A647C2BC0173A00E31501 /* StatisticView.swift in Sources */,
				34C3E7C82BCABC2300C49683 /* AchievementViewModel.swift in Sources */,
				349A64782BC0064600E31501 /* NavigationView.swift in Sources */,
				34C3E7C62BCAB5E100C49683 /* Achievement.swift in Sources */,
				347CA1CD2BB2D0D700684BB9 /* NoSmokingApp.swift in Sources */,
				349A647A2BC00CB300E31501 /* CustomTabView.swift in Sources */,
				3473C3D02C42B70100B4299C /* RealmManager.swift in Sources */,
				34C3E7CA2BCABD1800C49683 /* AchievementDetailView.swift in Sources */,
				34C3E7C32BCAADD600C49683 /* AchievementGridView.swift in Sources */,
			);
			runOnlyForDeploymentPostprocessing = 0;
		};
/* End PBXSourcesBuildPhase section */

/* Begin XCBuildConfiguration section */
		347CA1D52BB2D0D800684BB9 /* Debug */ = {
			isa = XCBuildConfiguration;
			buildSettings = {
				ALWAYS_SEARCH_USER_PATHS = NO;
				ASSETCATALOG_COMPILER_GENERATE_SWIFT_ASSET_SYMBOL_EXTENSIONS = YES;
				CLANG_ANALYZER_NONNULL = YES;
				CLANG_ANALYZER_NUMBER_OBJECT_CONVERSION = YES_AGGRESSIVE;
				CLANG_CXX_LANGUAGE_STANDARD = "gnu++20";
				CLANG_ENABLE_MODULES = YES;
				CLANG_ENABLE_OBJC_ARC = YES;
				CLANG_ENABLE_OBJC_WEAK = YES;
				CLANG_WARN_BLOCK_CAPTURE_AUTORELEASING = YES;
				CLANG_WARN_BOOL_CONVERSION = YES;
				CLANG_WARN_COMMA = YES;
				CLANG_WARN_CONSTANT_CONVERSION = YES;
				CLANG_WARN_DEPRECATED_OBJC_IMPLEMENTATIONS = YES;
				CLANG_WARN_DIRECT_OBJC_ISA_USAGE = YES_ERROR;
				CLANG_WARN_DOCUMENTATION_COMMENTS = YES;
				CLANG_WARN_EMPTY_BODY = YES;
				CLANG_WARN_ENUM_CONVERSION = YES;
				CLANG_WARN_INFINITE_RECURSION = YES;
				CLANG_WARN_INT_CONVERSION = YES;
				CLANG_WARN_NON_LITERAL_NULL_CONVERSION = YES;
				CLANG_WARN_OBJC_IMPLICIT_RETAIN_SELF = YES;
				CLANG_WARN_OBJC_LITERAL_CONVERSION = YES;
				CLANG_WARN_OBJC_ROOT_CLASS = YES_ERROR;
				CLANG_WARN_QUOTED_INCLUDE_IN_FRAMEWORK_HEADER = YES;
				CLANG_WARN_RANGE_LOOP_ANALYSIS = YES;
				CLANG_WARN_STRICT_PROTOTYPES = YES;
				CLANG_WARN_SUSPICIOUS_MOVE = YES;
				CLANG_WARN_UNGUARDED_AVAILABILITY = YES_AGGRESSIVE;
				CLANG_WARN_UNREACHABLE_CODE = YES;
				CLANG_WARN__DUPLICATE_METHOD_MATCH = YES;
				COPY_PHASE_STRIP = NO;
				DEBUG_INFORMATION_FORMAT = dwarf;
				ENABLE_STRICT_OBJC_MSGSEND = YES;
				ENABLE_TESTABILITY = YES;
				ENABLE_USER_SCRIPT_SANDBOXING = YES;
				GCC_C_LANGUAGE_STANDARD = gnu17;
				GCC_DYNAMIC_NO_PIC = NO;
				GCC_NO_COMMON_BLOCKS = YES;
				GCC_OPTIMIZATION_LEVEL = 0;
				GCC_PREPROCESSOR_DEFINITIONS = (
					"DEBUG=1",
					"$(inherited)",
				);
				GCC_WARN_64_TO_32_BIT_CONVERSION = YES;
				GCC_WARN_ABOUT_RETURN_TYPE = YES_ERROR;
				GCC_WARN_UNDECLARED_SELECTOR = YES;
				GCC_WARN_UNINITIALIZED_AUTOS = YES_AGGRESSIVE;
				GCC_WARN_UNUSED_FUNCTION = YES;
				GCC_WARN_UNUSED_VARIABLE = YES;
				IPHONEOS_DEPLOYMENT_TARGET = 17.2;
				LOCALIZATION_PREFERS_STRING_CATALOGS = YES;
				MTL_ENABLE_DEBUG_INFO = INCLUDE_SOURCE;
				MTL_FAST_MATH = YES;
				ONLY_ACTIVE_ARCH = YES;
				SDKROOT = iphoneos;
				SWIFT_ACTIVE_COMPILATION_CONDITIONS = "DEBUG $(inherited)";
				SWIFT_OPTIMIZATION_LEVEL = "-Onone";
			};
			name = Debug;
		};
		347CA1D62BB2D0D800684BB9 /* Release */ = {
			isa = XCBuildConfiguration;
			buildSettings = {
				ALWAYS_SEARCH_USER_PATHS = NO;
				ASSETCATALOG_COMPILER_GENERATE_SWIFT_ASSET_SYMBOL_EXTENSIONS = YES;
				CLANG_ANALYZER_NONNULL = YES;
				CLANG_ANALYZER_NUMBER_OBJECT_CONVERSION = YES_AGGRESSIVE;
				CLANG_CXX_LANGUAGE_STANDARD = "gnu++20";
				CLANG_ENABLE_MODULES = YES;
				CLANG_ENABLE_OBJC_ARC = YES;
				CLANG_ENABLE_OBJC_WEAK = YES;
				CLANG_WARN_BLOCK_CAPTURE_AUTORELEASING = YES;
				CLANG_WARN_BOOL_CONVERSION = YES;
				CLANG_WARN_COMMA = YES;
				CLANG_WARN_CONSTANT_CONVERSION = YES;
				CLANG_WARN_DEPRECATED_OBJC_IMPLEMENTATIONS = YES;
				CLANG_WARN_DIRECT_OBJC_ISA_USAGE = YES_ERROR;
				CLANG_WARN_DOCUMENTATION_COMMENTS = YES;
				CLANG_WARN_EMPTY_BODY = YES;
				CLANG_WARN_ENUM_CONVERSION = YES;
				CLANG_WARN_INFINITE_RECURSION = YES;
				CLANG_WARN_INT_CONVERSION = YES;
				CLANG_WARN_NON_LITERAL_NULL_CONVERSION = YES;
				CLANG_WARN_OBJC_IMPLICIT_RETAIN_SELF = YES;
				CLANG_WARN_OBJC_LITERAL_CONVERSION = YES;
				CLANG_WARN_OBJC_ROOT_CLASS = YES_ERROR;
				CLANG_WARN_QUOTED_INCLUDE_IN_FRAMEWORK_HEADER = YES;
				CLANG_WARN_RANGE_LOOP_ANALYSIS = YES;
				CLANG_WARN_STRICT_PROTOTYPES = YES;
				CLANG_WARN_SUSPICIOUS_MOVE = YES;
				CLANG_WARN_UNGUARDED_AVAILABILITY = YES_AGGRESSIVE;
				CLANG_WARN_UNREACHABLE_CODE = YES;
				CLANG_WARN__DUPLICATE_METHOD_MATCH = YES;
				COPY_PHASE_STRIP = NO;
				DEBUG_INFORMATION_FORMAT = "dwarf-with-dsym";
				ENABLE_NS_ASSERTIONS = NO;
				ENABLE_STRICT_OBJC_MSGSEND = YES;
				ENABLE_USER_SCRIPT_SANDBOXING = YES;
				GCC_C_LANGUAGE_STANDARD = gnu17;
				GCC_NO_COMMON_BLOCKS = YES;
				GCC_WARN_64_TO_32_BIT_CONVERSION = YES;
				GCC_WARN_ABOUT_RETURN_TYPE = YES_ERROR;
				GCC_WARN_UNDECLARED_SELECTOR = YES;
				GCC_WARN_UNINITIALIZED_AUTOS = YES_AGGRESSIVE;
				GCC_WARN_UNUSED_FUNCTION = YES;
				GCC_WARN_UNUSED_VARIABLE = YES;
				IPHONEOS_DEPLOYMENT_TARGET = 17.2;
				LOCALIZATION_PREFERS_STRING_CATALOGS = YES;
				MTL_ENABLE_DEBUG_INFO = NO;
				MTL_FAST_MATH = YES;
				SDKROOT = iphoneos;
				SWIFT_COMPILATION_MODE = wholemodule;
				VALIDATE_PRODUCT = YES;
			};
			name = Release;
		};
		347CA1D82BB2D0D800684BB9 /* Debug */ = {
			isa = XCBuildConfiguration;
			buildSettings = {
				ASSETCATALOG_COMPILER_APPICON_NAME = AppIcon;
				ASSETCATALOG_COMPILER_GLOBAL_ACCENT_COLOR_NAME = AccentColor;
				CODE_SIGN_STYLE = Automatic;
				CURRENT_PROJECT_VERSION = 1;
				DEVELOPMENT_ASSET_PATHS = "\"NoSmoking/Preview Content\"";
				DEVELOPMENT_TEAM = 5NG3V567GS;
				ENABLE_PREVIEWS = YES;
				GENERATE_INFOPLIST_FILE = YES;
				INFOPLIST_KEY_UIApplicationSceneManifest_Generation = YES;
				INFOPLIST_KEY_UIApplicationSupportsIndirectInputEvents = YES;
				INFOPLIST_KEY_UILaunchScreen_Generation = YES;
				INFOPLIST_KEY_UISupportedInterfaceOrientations = UIInterfaceOrientationPortrait;
				INFOPLIST_KEY_UISupportedInterfaceOrientations_iPad = "UIInterfaceOrientationLandscapeLeft UIInterfaceOrientationLandscapeRight UIInterfaceOrientationPortrait UIInterfaceOrientationPortraitUpsideDown";
				IPHONEOS_DEPLOYMENT_TARGET = 16.0;
				LD_RUNPATH_SEARCH_PATHS = (
					"$(inherited)",
					"@executable_path/Frameworks",
				);
				MARKETING_VERSION = 1.0;
				PRODUCT_BUNDLE_IDENTIFIER = com.dmitri.NoSmoking;
				PRODUCT_NAME = "$(TARGET_NAME)";
				SUPPORTED_PLATFORMS = "iphoneos iphonesimulator";
				SUPPORTS_MACCATALYST = NO;
				SUPPORTS_MAC_DESIGNED_FOR_IPHONE_IPAD = NO;
				SUPPORTS_XR_DESIGNED_FOR_IPHONE_IPAD = NO;
				SWIFT_EMIT_LOC_STRINGS = YES;
				SWIFT_VERSION = 5.0;
				TARGETED_DEVICE_FAMILY = 1;
			};
			name = Debug;
		};
		347CA1D92BB2D0D800684BB9 /* Release */ = {
			isa = XCBuildConfiguration;
			buildSettings = {
				ASSETCATALOG_COMPILER_APPICON_NAME = AppIcon;
				ASSETCATALOG_COMPILER_GLOBAL_ACCENT_COLOR_NAME = AccentColor;
				CODE_SIGN_STYLE = Automatic;
				CURRENT_PROJECT_VERSION = 1;
				DEVELOPMENT_ASSET_PATHS = "\"NoSmoking/Preview Content\"";
				DEVELOPMENT_TEAM = 5NG3V567GS;
				ENABLE_PREVIEWS = YES;
				GENERATE_INFOPLIST_FILE = YES;
				INFOPLIST_KEY_UIApplicationSceneManifest_Generation = YES;
				INFOPLIST_KEY_UIApplicationSupportsIndirectInputEvents = YES;
				INFOPLIST_KEY_UILaunchScreen_Generation = YES;
				INFOPLIST_KEY_UISupportedInterfaceOrientations = UIInterfaceOrientationPortrait;
				INFOPLIST_KEY_UISupportedInterfaceOrientations_iPad = "UIInterfaceOrientationLandscapeLeft UIInterfaceOrientationLandscapeRight UIInterfaceOrientationPortrait UIInterfaceOrientationPortraitUpsideDown";
				IPHONEOS_DEPLOYMENT_TARGET = 16.0;
				LD_RUNPATH_SEARCH_PATHS = (
					"$(inherited)",
					"@executable_path/Frameworks",
				);
				MARKETING_VERSION = 1.0;
				PRODUCT_BUNDLE_IDENTIFIER = com.dmitri.NoSmoking;
				PRODUCT_NAME = "$(TARGET_NAME)";
				SUPPORTED_PLATFORMS = "iphoneos iphonesimulator";
				SUPPORTS_MACCATALYST = NO;
				SUPPORTS_MAC_DESIGNED_FOR_IPHONE_IPAD = NO;
				SUPPORTS_XR_DESIGNED_FOR_IPHONE_IPAD = NO;
				SWIFT_EMIT_LOC_STRINGS = YES;
				SWIFT_VERSION = 5.0;
				TARGETED_DEVICE_FAMILY = 1;
			};
			name = Release;
		};
/* End XCBuildConfiguration section */

/* Begin XCConfigurationList section */
		347CA1C42BB2D0D700684BB9 /* Build configuration list for PBXProject "NoSmoking" */ = {
			isa = XCConfigurationList;
			buildConfigurations = (
				347CA1D52BB2D0D800684BB9 /* Debug */,
				347CA1D62BB2D0D800684BB9 /* Release */,
			);
			defaultConfigurationIsVisible = 0;
			defaultConfigurationName = Release;
		};
		347CA1D72BB2D0D800684BB9 /* Build configuration list for PBXNativeTarget "NoSmoking" */ = {
			isa = XCConfigurationList;
			buildConfigurations = (
				347CA1D82BB2D0D800684BB9 /* Debug */,
				347CA1D92BB2D0D800684BB9 /* Release */,
			);
			defaultConfigurationIsVisible = 0;
			defaultConfigurationName = Release;
		};
/* End XCConfigurationList section */

/* Begin XCRemoteSwiftPackageReference section */
		34CD971B2C4269AB0023345A /* XCRemoteSwiftPackageReference "realm-swift" */ = {
			isa = XCRemoteSwiftPackageReference;
			repositoryURL = "https://github.com/realm/realm-swift.git";
			requirement = {
				kind = upToNextMajorVersion;
				minimumVersion = 10.52.0;
			};
		};
/* End XCRemoteSwiftPackageReference section */

/* Begin XCSwiftPackageProductDependency section */
		34CD971C2C4269AB0023345A /* Realm */ = {
			isa = XCSwiftPackageProductDependency;
			package = 34CD971B2C4269AB0023345A /* XCRemoteSwiftPackageReference "realm-swift" */;
			productName = Realm;
		};
		34CD971E2C4269AB0023345A /* RealmSwift */ = {
			isa = XCSwiftPackageProductDependency;
			package = 34CD971B2C4269AB0023345A /* XCRemoteSwiftPackageReference "realm-swift" */;
			productName = RealmSwift;
		};
/* End XCSwiftPackageProductDependency section */
	};
	rootObject = 347CA1C12BB2D0D700684BB9 /* Project object */;
}
